
Microsoft Visual Studio Solution File, Format Version 12.00
# Visual Studio Version 16
VisualStudioVersion = 16.0.30011.22
MinimumVisualStudioVersion = 10.0.40219.1
Project("{9A19103F-16F7-4668-BE54-9A1E7A4F7556}") = "Ferreteria", "Ferreteria\Ferreteria.csproj", "{494D57E6-3E49-4FB6-91C0-2B3ABCF086B5}"
EndProject
Global
	GlobalSection(SolutionConfigurationPlatforms) = preSolution
		Debug|Any CPU = Debug|Any CPU
		Release|Any CPU = Release|Any CPU
	EndGlobalSection
	GlobalSection(ProjectConfigurationPlatforms) = postSolution
		{494D57E6-3E49-4FB6-91C0-2B3ABCF086B5}.Debug|Any CPU.ActiveCfg = Debug|Any CPU
		{494D57E6-3E49-4FB6-91C0-2B3ABCF086B5}.Debug|Any CPU.Build.0 = Debug|Any CPU
		{494D57E6-3E49-4FB6-91C0-2B3ABCF086B5}.Release|Any CPU.ActiveCfg = Release|Any CPU
		{494D57E6-3E49-4FB6-91C0-2B3ABCF086B5}.Release|Any CPU.Build.0 = Release|Any CPU
	EndGlobalSection
	GlobalSection(SolutionProperties) = preSolution
		HideSolutionNode = FALSE
	EndGlobalSection
	GlobalSection(ExtensibilityGlobals) = postSolution
		SolutionGuid = {7A011A69-C03F-4EEC-A6C7-EC1D3BD9F4B7}
	EndGlobalSection
EndGlobal
